# This file is generated by running "yarn install" inside your project.
# Manual changes might be lost - proceed with caution!

__metadata:
  version: 4

"@types/color-name@npm:^1.1.1":
  version: 1.1.1
  resolution: "@types/color-name@npm:1.1.1"
  checksum: 2/8311db94a9c4ecd247763b81e783ee49d87678b4ce6a7ee502e2bd5cea242b7357804a04855db009f713174bc654cc0c01c7303d40d757e5d710f5ac0368500f
  languageName: node
  linkType: hard

"@types/mime-types@npm:^2.1.0":
  version: 2.1.0
  resolution: "@types/mime-types@npm:2.1.0"
  checksum: 2/26915c3601cb8569f4a3665ea8e460adc97165d48a3898edf816066212eca0de3935a0c11d111a3aff8c0ebb4b7e03923001d8bac90c24896719e3ff4655e1a9
  languageName: node
  linkType: hard

"agent-base@npm:5":
  version: 5.1.1
  resolution: "agent-base@npm:5.1.1"
  checksum: 2/aff8e856932ba63bbe097ac460f2f474669c5a1ca7674d3be19d4c258b4276a6b71863fb25c8bc3d424320d0c81652044098346403e759a65a76712e697633fa
  languageName: node
  linkType: hard

"ansi-regex@npm:^5.0.0":
  version: 5.0.0
  resolution: "ansi-regex@npm:5.0.0"
  checksum: 2/cbd9b5c9dbbb4a949c2a6e93f1c6cc19f0683d8a4724d08d2158627be6d373f0f3ba1f4ada01dce7ee141f2ba2628fbbd29932c7d49926e3b630c7f329f3178b
  languageName: node
  linkType: hard

"ansi-styles@npm:^4.0.0":
  version: 4.2.1
  resolution: "ansi-styles@npm:4.2.1"
  dependencies:
    "@types/color-name": ^1.1.1
    color-convert: ^2.0.1
  checksum: 2/c8c007d5dab7b4fea064c9ea318114e1f6fc714bb382d061ac09e66bc83c8f3ce12bb6354be01598722c14a5d710af280b7614d269354f80d2535946aefa82f4
  languageName: node
  linkType: hard

"async-limiter@npm:~1.0.0":
  version: 1.0.0
  resolution: "async-limiter@npm:1.0.0"
  checksum: 2/d82fe738555841a5c6cb752f97fd94b894faea1c497fb2d58099005f64d256e49f497e9d5d17163bc24e29693ee6e76bc620c4ad3d85763efe9c206d906bc7e4
  languageName: node
  linkType: hard

"balanced-match@npm:^1.0.0":
  version: 1.0.0
  resolution: "balanced-match@npm:1.0.0"
  checksum: 2/f515a605fe1b59f476f7477c5e1d53ad55b4f42982fca1d57b6701906f4ad1f1ac90fd6587d92cc1af2edb43eecf979214dd847ee410a6de9db4ebf0dd128d62
  languageName: node
  linkType: hard

"brace-expansion@npm:^1.1.7":
  version: 1.1.11
  resolution: "brace-expansion@npm:1.1.11"
  dependencies:
    balanced-match: ^1.0.0
    concat-map: 0.0.1
  checksum: 2/4c878e25e4858baf801945dfd63eb68feab2e502cf1122f25f3915c0e3bf397af3a93ff6bef0798db41c0d81ef28c08e55daac38058710f749a3b96eee6b8f40
  languageName: node
  linkType: hard

"buffer-from@npm:^1.0.0":
  version: 1.1.1
  resolution: "buffer-from@npm:1.1.1"
  checksum: 2/540ceb79c4f5bfcadaabbc18324fa84c50dc52905084be7c03596a339cf5a88513bee6831ce9b36ddd046fab09257a7c80686e129d0559a0cfd141da196ad956
  languageName: node
  linkType: hard

"camelcase@npm:^5.0.0":
  version: 5.0.0
  resolution: "camelcase@npm:5.0.0"
  checksum: 2/73567fa11f981cf6b6f282bf87197172771dccef7a8b1574115058e3f5266f8e0523541b629ba14ee05c269e743f516238862d32812afd6759dbb5fa5080da8e
  languageName: node
  linkType: hard

"cliui@npm:^6.0.0":
  version: 6.0.0
  resolution: "cliui@npm:6.0.0"
  dependencies:
    string-width: ^4.2.0
    strip-ansi: ^6.0.0
    wrap-ansi: ^6.2.0
  checksum: 2/e59d0642946dd300b1b002e69f43b32d55e682c84f6f2073705ffe77477b400aeabd4f4795467db0771a21d35ee070071f6a31925e4f83b52a7fe1f5c8e6e860
  languageName: node
  linkType: hard

"color-convert@npm:^2.0.1":
  version: 2.0.1
  resolution: "color-convert@npm:2.0.1"
  dependencies:
    color-name: ~1.1.4
  checksum: 2/3d5d8a011a43012ca11b6d739049ecf2055d95582fd16ec44bf1e685eb0baa5cc652002be8a1dc92b429c8d87418287d0528266a7595cb1ad8a7f4f1d3049df2
  languageName: node
  linkType: hard

"color-name@npm:~1.1.4":
  version: 1.1.4
  resolution: "color-name@npm:1.1.4"
  checksum: 2/3e1c9a4dee12eada307436f61614dd11fe300469db2b83f80c8b7a7cd8a1015f0f18dd13403f018927b249003777ff60baba4a03c65f12e6bddc0dfd9642021f
  languageName: node
  linkType: hard

"concat-map@npm:0.0.1":
  version: 0.0.1
  resolution: "concat-map@npm:0.0.1"
  checksum: 2/554e28d9ee5aa6e061795473ee092cb3d3a2cbdb76c35416e0bb6e03f136d7d07676da387b2ed0ec4106cedbb6534080d9abc48ecc4a92b76406cf2d0c3c0c4b
  languageName: node
  linkType: hard

"concat-stream@npm:1.6.2":
  version: 1.6.2
  resolution: "concat-stream@npm:1.6.2"
  dependencies:
    buffer-from: ^1.0.0
    inherits: ^2.0.3
    readable-stream: ^2.2.2
    typedarray: ^0.0.6
  checksum: 2/7a97b7a7d0938e36800bdb6f5caf938bac8c523a6ec15df1f2ac41d3785541be30a6671c9f4c0d1ac9609e6ab29dcab8f54d1c84035e3e3b7b24f9336da68ab0
  languageName: node
  linkType: hard

"core-util-is@npm:~1.0.0":
  version: 1.0.2
  resolution: "core-util-is@npm:1.0.2"
  checksum: 2/089015ee3c462dfceba70faa1df83b42a7bb35db26dae6af283247b06fe3216c65fccd9f00eebcaf98300dc31e981d56aae9f90b624f8f6ff1153e235ff88b65
  languageName: node
  linkType: hard

"debug@npm:2.6.9":
  version: 2.6.9
  resolution: "debug@npm:2.6.9"
  dependencies:
    ms: 2.0.0
  checksum: 2/559f44f98cf25e2ee489022aec173afbff746564cb108c4493becb95bc3c017a67bdaa25a0ff64801fd32c35051d00af0e56cc7f762ae2c3bc089496e5a1c31b
  languageName: node
  linkType: hard

"debug@npm:4, debug@npm:^4.1.0":
  version: 4.1.1
  resolution: "debug@npm:4.1.1"
  dependencies:
    ms: ^2.1.1
  checksum: 2/3601a6ce96e4698ed3edf0ee6e67ef0317adfcdae2f66a43b23d1b14e8888b422337429b16dbbcba6801e7bfa6cbb8de3128fbacfb8ae1cd9bd7615ea6baf970
  languageName: node
  linkType: hard

"decamelize@npm:^1.2.0":
  version: 1.2.0
  resolution: "decamelize@npm:1.2.0"
  checksum: 2/8ca9d03ea8ac07920f4504e219d18edff2491bdd0a3e05a1e5ca2e9a0bf6333564231de3528b01d5e76c40a38c37bbc1e09cb5a0424714f53dd615ed78ced464
  languageName: node
  linkType: hard

"emoji-regex@npm:^8.0.0":
  version: 8.0.0
  resolution: "emoji-regex@npm:8.0.0"
  checksum: 2/87cf3f89efb8ba028075b3dc1713e2c5609af94cbc129b1f00c3113d01dbe4bf85c9d971e75a98bf8a8508131727682ce929e4bd70e9022af4fd47d75e9507de
  languageName: node
  linkType: hard

"extract-zip@npm:^1.6.6":
  version: 1.6.7
  resolution: "extract-zip@npm:1.6.7"
  dependencies:
    concat-stream: 1.6.2
    debug: 2.6.9
    mkdirp: 0.5.1
    yauzl: 2.4.1
  bin:
    extract-zip: cli.js
  checksum: 2/e4fd1bde8aedb475a554ab8527d3b76b7c88b78601f9c0a9f294296947647bf309e204a9328378a86d425b4ac5a9233bd5f78fb4b58345748240d2994900fcdb
  languageName: node
  linkType: hard

"fd-slicer@npm:~1.0.1":
  version: 1.0.1
  resolution: "fd-slicer@npm:1.0.1"
  dependencies:
    pend: ~1.2.0
  checksum: 2/59c72004ed040f4f29c9109beacec53bf0978ae11328f525708a04eb24a58e2a7f0bec41c8f602690b6dd971868a26919a7c23ac9cb308fbbe8e0ce56e62c3bb
  languageName: node
  linkType: hard

"find-up@npm:^4.1.0":
  version: 4.1.0
  resolution: "find-up@npm:4.1.0"
  dependencies:
    locate-path: ^5.0.0
    path-exists: ^4.0.0
  checksum: 2/d612d28e02eaca6cd7128fc9bc9b456e2547a3f9875b2b2ae2dbdc6b8cec52bc2885efcb3ac6c18954e838f4c8e20565d196784b190e1d38565f9dc39aade722
  languageName: node
  linkType: hard

"fs.realpath@npm:^1.0.0":
  version: 1.0.0
  resolution: "fs.realpath@npm:1.0.0"
  checksum: 2/698a91b1695e3926185c9e5b0dd57cf687dceb4eb73799af91e6b2ab741735e2962c366c5af6403ffddae2619914193bd339efa706fdc984d0ffc74b7a3603f4
  languageName: node
  linkType: hard

"get-caller-file@npm:^2.0.1":
  version: 2.0.5
  resolution: "get-caller-file@npm:2.0.5"
  checksum: 2/9dd9e1e2591039ee4c38c897365b904f66f1e650a8c1cb7b7db8ce667fa63e88cc8b13282b74df9d93de481114b3304a0487880d31cd926dfda6efe71455855d
  languageName: node
  linkType: hard

"glob@npm:^7.1.3":
  version: 7.1.3
  resolution: "glob@npm:7.1.3"
  dependencies:
    fs.realpath: ^1.0.0
    inflight: ^1.0.4
    inherits: 2
    minimatch: ^3.0.4
    once: ^1.3.0
    path-is-absolute: ^1.0.0
  checksum: 2/d9d1460afd650e0183bdf63a2b013ed5d29bddd7423699d6fdac30f4971bd0c3666c98b8074e9bf6b12b8f24fd21943cd6417c4947522a5a108e13c688149776
  languageName: node
  linkType: hard

"https-proxy-agent@npm:^4.0.0":
  version: 4.0.0
  resolution: "https-proxy-agent@npm:4.0.0"
  dependencies:
    agent-base: 5
    debug: 4
  checksum: 2/d3d20730cdcfa1b1ac492280501fa7b14ee89eb4fa2e7d300cc260463b48ea98b6cf1d4b287f40faa8c36c2f88d87819b4b419be5ec4055e9dcd2db501ce4680
  languageName: node
  linkType: hard

"inflight@npm:^1.0.4":
  version: 1.0.6
  resolution: "inflight@npm:1.0.6"
  dependencies:
    once: ^1.3.0
    wrappy: 1
  checksum: 2/17c53fc42cbe7f7f471d2bc41b97a0cde4b79a74d5ff59997d3f75210566fa278e17596da526d43de2bd07e222706240ce50e60097e54f2cde2e64cbbb372638
  languageName: node
  linkType: hard

"inherits@npm:2, inherits@npm:^2.0.3, inherits@npm:~2.0.3":
  version: 2.0.3
  resolution: "inherits@npm:2.0.3"
  checksum: 2/9488f9433effbc24474f6baee8014e5337c7f99305ecb4204fa5864ae7655c24225780d87fc65ed8d3d374715a18c5dc8c69fe3bf9745cde2e7acd0ac068a07b
  languageName: node
  linkType: hard

"is-fullwidth-code-point@npm:^3.0.0":
  version: 3.0.0
  resolution: "is-fullwidth-code-point@npm:3.0.0"
  checksum: 2/a01a19ecac34386ae3a4e801c5639d6e31082d1ddc418e7cd96317fef3c8b24ec8531558e9d3d35b33551ab9c5cf20bf2cdefa583927b7ff60c27c8d7c216063
  languageName: node
  linkType: hard

"isarray@npm:~1.0.0":
  version: 1.0.0
  resolution: "isarray@npm:1.0.0"
  checksum: 2/b0ff31a290e783f7b3fb73f2951ee7fc2946dc197b05f73577dc77f87dc3be2e0f66007bedf069123d4e5c4b691e7c89a241f6ca06f0c0f4765cdac5aa4b4047
  languageName: node
  linkType: hard

"locate-path@npm:^5.0.0":
  version: 5.0.0
  resolution: "locate-path@npm:5.0.0"
  dependencies:
    p-locate: ^4.1.0
  checksum: 2/c58f49d45c8672d0a290dea0ce41fcb27205b3f2d61452ba335ef3b42ad36c10c31b1f061b46d96dd4b81e9a00e8a2897bc124d75623b80a9f6d36b1e754a6b5
  languageName: node
  linkType: hard

"mime-db@npm:1.43.0":
  version: 1.43.0
  resolution: "mime-db@npm:1.43.0"
  checksum: 2/756d8ac9ea62e3f4bcecb7513208ccd213f96930dbaa7e6ebc83f3517f5efa2eeec6923c28e6409049eb29d54668ff3e80e9c3605a1270498d6e52fde0fd3bc2
  languageName: node
  linkType: hard

"mime-types@npm:^2.1.25":
  version: 2.1.26
  resolution: "mime-types@npm:2.1.26"
  dependencies:
    mime-db: 1.43.0
  checksum: 2/6ab045d65e6123857be28a58dc446fd038ae7697aba9b5135b581cfb5ed8b01908d2c2dcfe16085ecbb57ba6c42b5e598732171f1c22034c20cd04c371003ada
  languageName: node
  linkType: hard

"mime@npm:^2.0.3":
  version: 2.4.0
  resolution: "mime@npm:2.4.0"
  bin:
    mime: cli.js
  checksum: 2/1805ce514f20ff2b59e8574ebcfad716edcdd4162df718faef04dccd9dbb1afcd7a13a6d0c19ff0d48c8af06ca209b59b33ba168af8af171ea30b261ce0cb8ec
  languageName: node
  linkType: hard

"minimatch@npm:^3.0.4":
  version: 3.0.4
  resolution: "minimatch@npm:3.0.4"
  dependencies:
    brace-expansion: ^1.1.7
  checksum: 2/47eab9263962cacd5733e274ecad2d8e54b0f8e124ba35ae69189e296058f634a4967b87a98954f86fa5c830ff177caf827ce0136d28717ed3232951fb4fae62
  languageName: node
  linkType: hard

"minimist@npm:0.0.8":
  version: 0.0.8
  resolution: "minimist@npm:0.0.8"
  checksum: 2/d71c4684bce92f9c0500e103498adb5e45bbda551763132a703306c2dab6f3a1f69eb6448c3ff3ea73fb562285dfd6ee3a354d5c0e5dd52e3d5f3037c82c0935
  languageName: node
  linkType: hard

"mkdirp@npm:0.5.1, mkdirp@npm:~0.5.0":
  version: 0.5.1
  resolution: "mkdirp@npm:0.5.1"
  dependencies:
    minimist: 0.0.8
  bin:
    mkdirp: bin/cmd.js
  checksum: 2/8ef65f4f0c7642b2f6e7af417eb9f3f24e8d1e4d612eddc5b1ee3b0ef974ccfaafb38bba6cc9178510c5aae82a6ef9ad85037448c9856b2fb8308162a7c8987e
  languageName: node
  linkType: hard

"ms@npm:2.0.0":
  version: 2.0.0
  resolution: "ms@npm:2.0.0"
  checksum: 2/1a230340cc7f322fbe916783d8c8d60455407c6b7fb7f901d6ee34eb272402302c5c7f070a97b8531245cbb4ca6a0a623f6a128d7e5a5440cefa2c669c0b35bb
  languageName: node
  linkType: hard

"ms@npm:^2.1.1":
  version: 2.1.1
  resolution: "ms@npm:2.1.1"
  checksum: 2/81ad38c74df2473ce9fbed8bb71a00220c3d9e237ebd576306c9f6ca3221b251d602c7d199808944be1a3d7cda5883e72c77adb473734ba30f6e032165e05ebc
  languageName: node
  linkType: hard

"once@npm:^1.3.0":
  version: 1.4.0
  resolution: "once@npm:1.4.0"
  dependencies:
    wrappy: 1
  checksum: 2/57afc246536cf6494437f982b26475f22bee860f8b77ce8eb1543f42a8bffe04b2c66ddfea9a16cb25ccb80943f8ee4fc639367ef97b7a6a4f2672eb573963f5
  languageName: node
  linkType: hard

"p-limit@npm:^2.2.0":
  version: 2.2.2
  resolution: "p-limit@npm:2.2.2"
  dependencies:
    p-try: ^2.0.0
  checksum: 2/10cd927c1e3b6c66a294dd803bc05acd721d003b7c8c16d6648f133b4f47853f37d6895096e56cbbc4d10009f8380b7679e4f0220ead74c82f5b036e45bbb520
  languageName: node
  linkType: hard

"p-locate@npm:^4.1.0":
  version: 4.1.0
  resolution: "p-locate@npm:4.1.0"
  dependencies:
    p-limit: ^2.2.0
  checksum: 2/57f9abef0b29f02ff88c0936a392c9a1fbdd08169e636e0d85b7407c108014d71578c0c6fe93fa49b5bf3857b20d6f16b96389e2b356f7f599d4d2150505844f
  languageName: node
  linkType: hard

"p-try@npm:^2.0.0":
  version: 2.0.0
  resolution: "p-try@npm:2.0.0"
  checksum: 2/c3d8ed858d2857b661872cb8dde79d56317ee4fe3d11c39dea15e35b32b3ead8c9cc3f28da6128f646fd7d667ceb6477e7aacafe35b4c4875e7e6cba321112ae
  languageName: node
  linkType: hard

"path-exists@npm:^4.0.0":
  version: 4.0.0
  resolution: "path-exists@npm:4.0.0"
  checksum: 2/6ab15000c5bea4f3e6e6b651983276e27ee42907ea29f5bd68f0d5c425c22f1664ab53c355099723f59b0bfd31aa52d29ea499e1843bf62543e045698f4c77b2
  languageName: node
  linkType: hard

"path-is-absolute@npm:^1.0.0":
  version: 1.0.1
  resolution: "path-is-absolute@npm:1.0.1"
  checksum: 2/907e1e3e6ac0aef6e65adffd75b3892191d76a5b94c5cf26b43667c4240531d11872ca6979c209b2e5e1609f7f579d02f64ba9936b48bb59d36cc529f0d965ed
  languageName: node
  linkType: hard

"pend@npm:~1.2.0":
  version: 1.2.0
  resolution: "pend@npm:1.2.0"
  checksum: 2/35da01b2aa52458fbda2dceaeb5305c0d6c7262beca67d9f4c97bd70e4a8f4457f5fa01ffea3b3f786fb310b9b3b98515c52de3d7ae0b50dfb50b2a2d38d042b
  languageName: node
  linkType: hard

"plotly@npm:^1.0.6":
  version: 1.0.6
  resolution: "plotly@npm:1.0.6"
  dependencies:
    mkdirp: ~0.5.0
  checksum: 2/c090a5913a2c6de453821ad83a8c17578969bbc0b488ba8bd293c8f9971089eddfe5fc3ea24267c5cdeeb260e2e8324cf1980f276aecd3b6135f5dba61571de5
  languageName: node
  linkType: hard

"process-nextick-args@npm:~2.0.0":
  version: 2.0.0
  resolution: "process-nextick-args@npm:2.0.0"
  checksum: 2/7ac33f82845e5cb81c0dc1049132b0962036283c24ac5db98d4ed9cfa9681c3a0dd8f83094f6aed1a81ae3602252e4d0a92ac4c5bb3323e8a9d4ce29b3949d38
  languageName: node
  linkType: hard

"progress@npm:^2.0.1":
  version: 2.0.3
  resolution: "progress@npm:2.0.3"
  checksum: 2/c46ef5a1de4d527dfd32fe56a7df0c1c8b420a4c02617196813bf7f10ac7c2a929afc265d44fdd68f5c439a7e7cb3d70d569716c82d6b4148ec72089860a1312
  languageName: node
  linkType: hard

"proxy-from-env@npm:^1.0.0":
  version: 1.0.0
  resolution: "proxy-from-env@npm:1.0.0"
  checksum: 2/35b2f98a6a6ecb0240c7ce84f5b60f234436da4984b6115971c6f782908984850d804160e0e70063ba711124950110a8a671b61875facb1b8a77d585a739213f
  languageName: node
  linkType: hard

"puppeteer@npm:^2.1.1":
  version: 2.1.1
  resolution: "puppeteer@npm:2.1.1"
  dependencies:
    "@types/mime-types": ^2.1.0
    debug: ^4.1.0
    extract-zip: ^1.6.6
    https-proxy-agent: ^4.0.0
    mime: ^2.0.3
    mime-types: ^2.1.25
    progress: ^2.0.1
    proxy-from-env: ^1.0.0
    rimraf: ^2.6.1
    ws: ^6.1.0
  checksum: 2/dfa23c0eabedb71539b07ebc1c8713bd240fa883036e6a092ed936ac14f2e9a3194639fe0fa44f7c41d5b4ecaa4a3872f3389f0cca23747e7f7b517da726463e
  languageName: node
  linkType: hard

"readable-stream@npm:^2.2.2":
  version: 2.3.6
  resolution: "readable-stream@npm:2.3.6"
  dependencies:
    core-util-is: ~1.0.0
    inherits: ~2.0.3
    isarray: ~1.0.0
    process-nextick-args: ~2.0.0
    safe-buffer: ~5.1.1
    string_decoder: ~1.1.1
    util-deprecate: ~1.0.1
  checksum: 2/2240daa70aa9485971b1be4e20dfb474eaf04d317db92917afdaf55dd170c547a1f82e47026a1c209c85df31ee8951c4ab9427ab7679d4fbebfad039d9c77ff5
  languageName: node
  linkType: hard

"require-directory@npm:^2.1.1":
  version: 2.1.1
  resolution: "require-directory@npm:2.1.1"
  checksum: 2/f495d02d89c385af2df4b26f0216ece091e99710d358d0ede424126c476d0c639e8bd77dcd237c00a6a5658f3d862e7513164f8c280263052667d06df830eb23
  languageName: node
  linkType: hard

"require-main-filename@npm:^2.0.0":
  version: 2.0.0
  resolution: "require-main-filename@npm:2.0.0"
  checksum: 2/8d3633149a7fef67d14613146247137fe1dc4cc969bf2d1adcd40e3c28056de503229f41e78cba5efebad3a223cbfb4215fd220d879148df10c6d9a877099dbd
  languageName: node
  linkType: hard

"rimraf@npm:^2.6.1":
  version: 2.6.3
  resolution: "rimraf@npm:2.6.3"
  dependencies:
    glob: ^7.1.3
  bin:
    rimraf: ./bin.js
  checksum: 2/c9ce1854f19327606934558f4729b0f7aa7b9f1a3e7ca292d56261cce1074e20b0a0b16689166da6d8ab24ed9c30f7c71fba0df38e1d37f0233b6f48307c5c7a
  languageName: node
  linkType: hard

"safe-buffer@npm:~5.1.0, safe-buffer@npm:~5.1.1":
  version: 5.1.2
  resolution: "safe-buffer@npm:5.1.2"
  checksum: 2/2708587c1b5e70a5e420714ceb59f30f5791c6e831d39812125a008eca63a4ac18578abd020a0776ea497ff03b4543f2b2a223a7b9073bf2d6c7af9ec6829218
  languageName: node
  linkType: hard

"set-blocking@npm:^2.0.0":
  version: 2.0.0
  resolution: "set-blocking@npm:2.0.0"
  checksum: 2/0ac2403b0c2d39bf452f6d5d17dfd3cb952b9113098e1231cc0614c436e2f465637e39d27cf3b93556f5c59795e9790fd7e98da784c5f9919edeba4295ffeb29
  languageName: node
  linkType: hard

"speed-test-bot@workspace:.":
  version: 0.0.0-use.local
  resolution: "speed-test-bot@workspace:."
  dependencies:
    plotly: ^1.0.6
    puppeteer: ^2.1.1
    yargs: ^15.3.1
  languageName: unknown
  linkType: soft

"string-width@npm:^4.1.0, string-width@npm:^4.2.0":
  version: 4.2.0
  resolution: "string-width@npm:4.2.0"
  dependencies:
    emoji-regex: ^8.0.0
    is-fullwidth-code-point: ^3.0.0
    strip-ansi: ^6.0.0
  checksum: 2/cf1e8acddf3d6d6e9e168628cc58cf1b33b1e7e801af2a0c18316e4e8beb62361eb9aad6eab2fc86de972ab149cb7262aedc2a5d0c2ce28873c91b171cce84d7
  languageName: node
  linkType: hard

"string_decoder@npm:~1.1.1":
  version: 1.1.1
  resolution: "string_decoder@npm:1.1.1"
  dependencies:
    safe-buffer: ~5.1.0
  checksum: 2/bc2dc169d83df1b9e94defe7716bcad8a19ffe8211b029581cb0c6f9e83a6a7ba9ec3be38d179708a8643c692868a2b8b004ab159555dc26089ad3fa7b2158f5
  languageName: node
  linkType: hard

"strip-ansi@npm:^6.0.0":
  version: 6.0.0
  resolution: "strip-ansi@npm:6.0.0"
  dependencies:
    ansi-regex: ^5.0.0
  checksum: 2/10568c91cadbef182a807c38dfa718dce15a35b12fcc97b96b6b2029d0508ef66ca93fabddeb49482d9b027495d1e18591858e80f27ad26861c4967c60fd207f
  languageName: node
  linkType: hard

"typedarray@npm:^0.0.6":
  version: 0.0.6
  resolution: "typedarray@npm:0.0.6"
  checksum: 2/c9ef0176aaf32593514c31e5c6edc1db970847aff6e1f0a0570a6ac0cc996335792f394c2fcec59cc76691d22a01888ea073a2f3c6930cfcf7c519addf4e2ad7
  languageName: node
  linkType: hard

"util-deprecate@npm:~1.0.1":
  version: 1.0.2
  resolution: "util-deprecate@npm:1.0.2"
  checksum: 2/73c2b1cf0210ccac300645384d8443cabbd93194117b2dc1b3bae8d8279ad39aedac857e020c4ea505e96a1045059c7359db3df6a9df0be6b8584166c9d61dc9
  languageName: node
  linkType: hard

"which-module@npm:^2.0.0":
  version: 2.0.0
  resolution: "which-module@npm:2.0.0"
  checksum: 2/3d2107ab18c3c2a0ffa4f1a2a0a8862d0bb3fd5c72b10df9cbd75a15b496533bf4c4dc6fa65cefba6fdb8af7935ffb939ef4c8f2eb7835b03d1b93680e9101e9
  languageName: node
  linkType: hard

"wrap-ansi@npm:^6.2.0":
  version: 6.2.0
  resolution: "wrap-ansi@npm:6.2.0"
  dependencies:
    ansi-styles: ^4.0.0
    string-width: ^4.1.0
    strip-ansi: ^6.0.0
  checksum: 2/ee4ed8b2994cfbdcd571f4eadde9d8ba00b8a74113483fe5d0c5f9e84054e43df8e9092d7da35c5b051faeca8fe32bd6cea8bf5ae8ad4896d6ea676a347e90af
  languageName: node
  linkType: hard

"wrappy@npm:1":
  version: 1.0.2
  resolution: "wrappy@npm:1.0.2"
  checksum: 2/519fcda0fcdf0c16327be2de9d98646742307bc830277e8868529fcf7566f2b330a6453c233e0cdcb767d5838dd61a90984a02ecc983bcddebea5ad0833bbf98
  languageName: node
  linkType: hard

"ws@npm:^6.1.0":
  version: 6.1.2
  resolution: "ws@npm:6.1.2"
  dependencies:
    async-limiter: ~1.0.0
  checksum: 2/88116ebb8d1692fc13aeb542a4e59fd030fb901519c5002015ac863ab25b89e70634acfdb97356144ed1f5d8d84b23d0dc270859a4dec2331d00ad4bfaf3db71
  languageName: node
  linkType: hard

"y18n@npm:^4.0.0":
  version: 4.0.0
  resolution: "y18n@npm:4.0.0"
  checksum: 2/5b7434c95d31ffa2b9b97df98e2d786446a0ff21c30e0265088caa4818a3335559a425763e55b6d9370d9fcecb75a36ae5bb901184676bd255f96ee3c743f667
  languageName: node
  linkType: hard

"yargs-parser@npm:^18.1.1":
  version: 18.1.1
  resolution: "yargs-parser@npm:18.1.1"
  dependencies:
    camelcase: ^5.0.0
    decamelize: ^1.2.0
  checksum: 2/8d857933ccbf63c542b46b57bc3c8fef28fcc209bfd386963c5d7922d459a159564c7a7f1d18948ae59dd945e83d9d39b7818e7aac5b7b94ef980f39bb3fb766
  languageName: node
  linkType: hard

"yargs@npm:^15.3.1":
  version: 15.3.1
  resolution: "yargs@npm:15.3.1"
  dependencies:
    cliui: ^6.0.0
    decamelize: ^1.2.0
    find-up: ^4.1.0
    get-caller-file: ^2.0.1
    require-directory: ^2.1.1
    require-main-filename: ^2.0.0
    set-blocking: ^2.0.0
    string-width: ^4.2.0
    which-module: ^2.0.0
    y18n: ^4.0.0
    yargs-parser: ^18.1.1
  checksum: 2/6504a0bb4e6f5933ebaaa52307943a9cdb44da6200cd1ca8794aaa1d18b70f0acd2f49f46630b07bd4d2aa12cb1fe666b186d367c36fa1b4998f7ce8bdc9ffdf
  languageName: node
  linkType: hard

"yauzl@npm:2.4.1":
  version: 2.4.1
  resolution: "yauzl@npm:2.4.1"
  dependencies:
    fd-slicer: ~1.0.1
  checksum: 2/68515ff17484180f374fb4bf3a725d98baa578c2b8ebfd73cbd153cc1faec68d19bbadbe5406f9c3306736f1dafb5af15566f91cbf78fcbd643f8537ba70a22d
  languageName: node
  linkType: hard
